
Microsoft Visual Studio Solution File, Format Version 11.00
# Visual Studio 2010
Project("{FAE04EC0-301F-11D3-BF4B-00C04F79EFBC}") = "PInterfaces", "PInterfaces.csproj", "{CC96EC0D-812D-45A5-87B7-F724CC099E58}"
EndProject
Global
	GlobalSection(SolutionConfigurationPlatforms) = preSolution
		Debug|iPhoneSimulator = Debug|iPhoneSimulator
		Release|iPhoneSimulator = Release|iPhoneSimulator
		Debug|iPhone = Debug|iPhone
		Release|iPhone = Release|iPhone
		Ad-Hoc|iPhone = Ad-Hoc|iPhone
		AppStore|iPhone = AppStore|iPhone
	EndGlobalSection
	GlobalSection(ProjectConfigurationPlatforms) = postSolution
		{CC96EC0D-812D-45A5-87B7-F724CC099E58}.Ad-Hoc|iPhone.ActiveCfg = Ad-Hoc|iPhone
		{CC96EC0D-812D-45A5-87B7-F724CC099E58}.Ad-Hoc|iPhone.Build.0 = Ad-Hoc|iPhone
		{CC96EC0D-812D-45A5-87B7-F724CC099E58}.AppStore|iPhone.ActiveCfg = AppStore|iPhone
		{CC96EC0D-812D-45A5-87B7-F724CC099E58}.AppStore|iPhone.Build.0 = AppStore|iPhone
		{CC96EC0D-812D-45A5-87B7-F724CC099E58}.Debug|iPhone.ActiveCfg = Debug|iPhone
		{CC96EC0D-812D-45A5-87B7-F724CC099E58}.Debug|iPhone.Build.0 = Debug|iPhone
		{CC96EC0D-812D-45A5-87B7-F724CC099E58}.Debug|iPhoneSimulator.ActiveCfg = Debug|iPhoneSimulator
		{CC96EC0D-812D-45A5-87B7-F724CC099E58}.Debug|iPhoneSimulator.Build.0 = Debug|iPhoneSimulator
		{CC96EC0D-812D-45A5-87B7-F724CC099E58}.Release|iPhone.ActiveCfg = Release|iPhone
		{CC96EC0D-812D-45A5-87B7-F724CC099E58}.Release|iPhone.Build.0 = Release|iPhone
		{CC96EC0D-812D-45A5-87B7-F724CC099E58}.Release|iPhoneSimulator.ActiveCfg = Release|iPhoneSimulator
		{CC96EC0D-812D-45A5-87B7-F724CC099E58}.Release|iPhoneSimulator.Build.0 = Release|iPhoneSimulator
	EndGlobalSection
	GlobalSection(MonoDevelopProperties) = preSolution
		StartupItem = PInterfaces.csproj
	EndGlobalSection
EndGlobal
